// !$*UTF8*$!
{
	archiveVersion = 1;
	classes = {
	};
	objectVersion = 50;
	objects = {

/* Begin PBXBuildFile section */
		112D97D421C93AAD00D1E859 /* AppDelegate.swift in Sources */ = {isa = PBXBuildFile; fileRef = 112D97D321C93AAD00D1E859 /* AppDelegate.swift */; };
		112D97D621C93AAD00D1E859 /* ViewController.swift in Sources */ = {isa = PBXBuildFile; fileRef = 112D97D521C93AAD00D1E859 /* ViewController.swift */; };
		112D97D921C93AAD00D1E859 /* Main.storyboard in Resources */ = {isa = PBXBuildFile; fileRef = 112D97D721C93AAD00D1E859 /* Main.storyboard */; };
		112D97DB21C93ABE00D1E859 /* Assets.xcassets in Resources */ = {isa = PBXBuildFile; fileRef = 112D97DA21C93ABE00D1E859 /* Assets.xcassets */; };
		112D97DE21C93ABE00D1E859 /* LaunchScreen.storyboard in Resources */ = {isa = PBXBuildFile; fileRef = 112D97DC21C93ABE00D1E859 /* LaunchScreen.storyboard */; };
		112D97E921C93ABF00D1E859 /* MusicPlayerTests.swift in Sources */ = {isa = PBXBuildFile; fileRef = 112D97E821C93ABF00D1E859 /* MusicPlayerTests.swift */; };
		112D97F421C93ABF00D1E859 /* MusicPlayerUITests.swift in Sources */ = {isa = PBXBuildFile; fileRef = 112D97F321C93ABF00D1E859 /* MusicPlayerUITests.swift */; };
/* End PBXBuildFile section */

/* Begin PBXContainerItemProxy section */
		112D97E521C93ABF00D1E859 /* PBXContainerItemProxy */ = {
			isa = PBXContainerItemProxy;
			containerPortal = 112D97C821C93AAC00D1E859 /* Project object */;
			proxyType = 1;
			remoteGlobalIDString = 112D97CF21C93AAC00D1E859;
			remoteInfo = MusicPlayer;
		};
		112D97F021C93ABF00D1E859 /* PBXContainerItemProxy */ = {
			isa = PBXContainerItemProxy;
			containerPortal = 112D97C821C93AAC00D1E859 /* Project object */;
			proxyType = 1;
			remoteGlobalIDString = 112D97CF21C93AAC00D1E859;
			remoteInfo = MusicPlayer;
		};
/* End PBXContainerItemProxy section */

/* Begin PBXFileReference section */
		112D97D021C93AAD00D1E859 /* MusicPlayer.app */ = {isa = PBXFileReference; explicitFileType = wrapper.application; includeInIndex = 0; path = MusicPlayer.app; sourceTree = BUILT_PRODUCTS_DIR; };
		112D97D321C93AAD00D1E859 /* AppDelegate.swift */ = {isa = PBXFileReference; lastKnownFileType = sourcecode.swift; path = AppDelegate.swift; sourceTree = "<group>"; };
		112D97D521C93AAD00D1E859 /* ViewController.swift */ = {isa = PBXFileReference; lastKnownFileType = sourcecode.swift; path = ViewController.swift; sourceTree = "<group>"; };
		112D97D821C93AAD00D1E859 /* Base */ = {isa = PBXFileReference; lastKnownFileType = file.storyboard; name = Base; path = Base.lproj/Main.storyboard; sourceTree = "<group>"; };
		112D97DA21C93ABE00D1E859 /* Assets.xcassets */ = {isa = PBXFileReference; lastKnownFileType = folder.assetcatalog; path = Assets.xcassets; sourceTree = "<group>"; };
		112D97DD21C93ABE00D1E859 /* Base */ = {isa = PBXFileReference; lastKnownFileType = file.storyboard; name = Base; path = Base.lproj/LaunchScreen.storyboard; sourceTree = "<group>"; };
		112D97DF21C93ABE00D1E859 /* Info.plist */ = {isa = PBXFileReference; lastKnownFileType = text.plist.xml; path = Info.plist; sourceTree = "<group>"; };
		112D97E421C93ABF00D1E859 /* MusicPlayerTests.xctest */ = {isa = PBXFileReference; explicitFileType = wrapper.cfbundle; includeInIndex = 0; path = MusicPlayerTests.xctest; sourceTree = BUILT_PRODUCTS_DIR; };
		112D97E821C93ABF00D1E859 /* MusicPlayerTests.swift */ = {isa = PBXFileReference; lastKnownFileType = sourcecode.swift; path = MusicPlayerTests.swift; sourceTree = "<group>"; };
		112D97EA21C93ABF00D1E859 /* Info.plist */ = {isa = PBXFileReference; lastKnownFileType = text.plist.xml; path = Info.plist; sourceTree = "<group>"; };
		112D97EF21C93ABF00D1E859 /* MusicPlayerUITests.xctest */ = {isa = PBXFileReference; explicitFileType = wrapper.cfbundle; includeInIndex = 0; path = MusicPlayerUITests.xctest; sourceTree = BUILT_PRODUCTS_DIR; };
		112D97F321C93ABF00D1E859 /* MusicPlayerUITests.swift */ = {isa = PBXFileReference; lastKnownFileType = sourcecode.swift; path = MusicPlayerUITests.swift; sourceTree = "<group>"; };
		112D97F521C93ABF00D1E859 /* Info.plist */ = {isa = PBXFileReference; lastKnownFileType = text.plist.xml; path = Info.plist; sourceTree = "<group>"; };
/* End PBXFileReference section */

/* Begin PBXFrameworksBuildPhase section */
		112D97CD21C93AAC00D1E859 /* Frameworks */ = {
			isa = PBXFrameworksBuildPhase;
			buildActionMask = 2147483647;
			files = (
			);
			runOnlyForDeploymentPostprocessing = 0;
		};
		112D97E121C93ABF00D1E859 /* Frameworks */ = {
			isa = PBXFrameworksBuildPhase;
			buildActionMask = 2147483647;
			files = (
			);
			runOnlyForDeploymentPostprocessing = 0;
		};
		112D97EC21C93ABF00D1E859 /* Frameworks */ = {
			isa = PBXFrameworksBuildPhase;
			buildActionMask = 2147483647;
			files = (
			);
			runOnlyForDeploymentPostprocessing = 0;
		};
/* End PBXFrameworksBuildPhase section */

/* Begin PBXGroup section */
		112D97C721C93AAC00D1E859 = {
			isa = PBXGroup;
			children = (
				112D97D221C93AAD00D1E859 /* MusicPlayer */,
				112D97E721C93ABF00D1E859 /* MusicPlayerTests */,
				112D97F221C93ABF00D1E859 /* MusicPlayerUITests */,
				112D97D121C93AAD00D1E859 /* Products */,
			);
			sourceTree = "<group>";
		};
		112D97D121C93AAD00D1E859 /* Products */ = {
			isa = PBXGroup;
			children = (
				112D97D021C93AAD00D1E859 /* MusicPlayer.app */,
				112D97E421C93ABF00D1E859 /* MusicPlayerTests.xctest */,
				112D97EF21C93ABF00D1E859 /* MusicPlayerUITests.xctest */,
			);
			name = Products;
			sourceTree = "<group>";
		};
		112D97D221C93AAD00D1E859 /* MusicPlayer */ = {
			isa = PBXGroup;
			children = (
				112D97D321C93AAD00D1E859 /* AppDelegate.swift */,
				112D97D521C93AAD00D1E859 /* ViewController.swift */,
				112D97D721C93AAD00D1E859 /* Main.storyboard */,
				112D97DA21C93ABE00D1E859 /* Assets.xcassets */,
				112D97DC21C93ABE00D1E859 /* LaunchScreen.storyboard */,
				112D97DF21C93ABE00D1E859 /* Info.plist */,
			);
			path = MusicPlayer;
			sourceTree = "<group>";
		};
		112D97E721C93ABF00D1E859 /* MusicPlayerTests */ = {
			isa = PBXGroup;
			children = (
				112D97E821C93ABF00D1E859 /* MusicPlayerTests.swift */,
				112D97EA21C93ABF00D1E859 /* Info.plist */,
			);
			path = MusicPlayerTests;
			sourceTree = "<group>";
		};
		112D97F221C93ABF00D1E859 /* MusicPlayerUITests */ = {
			isa = PBXGroup;
			children = (
				112D97F321C93ABF00D1E859 /* MusicPlayerUITests.swift */,
				112D97F521C93ABF00D1E859 /* Info.plist */,
			);
			path = MusicPlayerUITests;
			sourceTree = "<group>";
		};
/* End PBXGroup section */

/* Begin PBXNativeTarget section */
		112D97CF21C93AAC00D1E859 /* MusicPlayer */ = {
			isa = PBXNativeTarget;
			buildConfigurationList = 112D97F821C93ABF00D1E859 /* Build configuration list for PBXNativeTarget "MusicPlayer" */;
			buildPhases = (
				112D97CC21C93AAC00D1E859 /* Sources */,
				112D97CD21C93AAC00D1E859 /* Frameworks */,
				112D97CE21C93AAC00D1E859 /* Resources */,
			);
			buildRules = (
			);
			dependencies = (
			);
			name = MusicPlayer;
			productName = MusicPlayer;
			productReference = 112D97D021C93AAD00D1E859 /* MusicPlayer.app */;
			productType = "com.apple.product-type.application";
		};
		112D97E321C93ABF00D1E859 /* MusicPlayerTests */ = {
			isa = PBXNativeTarget;
			buildConfigurationList = 112D97FB21C93ABF00D1E859 /* Build configuration list for PBXNativeTarget "MusicPlayerTests" */;
			buildPhases = (
				112D97E021C93ABF00D1E859 /* Sources */,
				112D97E121C93ABF00D1E859 /* Frameworks */,
				112D97E221C93ABF00D1E859 /* Resources */,
			);
			buildRules = (
			);
			dependencies = (
				112D97E621C93ABF00D1E859 /* PBXTargetDependency */,
			);
			name = MusicPlayerTests;
			productName = MusicPlayerTests;
			productReference = 112D97E421C93ABF00D1E859 /* MusicPlayerTests.xctest */;
			productType = "com.apple.product-type.bundle.unit-test";
		};
		112D97EE21C93ABF00D1E859 /* MusicPlayerUITests */ = {
			isa = PBXNativeTarget;
			buildConfigurationList = 112D97FE21C93ABF00D1E859 /* Build configuration list for PBXNativeTarget "MusicPlayerUITests" */;
			buildPhases = (
				112D97EB21C93ABF00D1E859 /* Sources */,
				112D97EC21C93ABF00D1E859 /* Frameworks */,
				112D97ED21C93ABF00D1E859 /* Resources */,
			);
			buildRules = (
			);
			dependencies = (
				112D97F121C93ABF00D1E859 /* PBXTargetDependency */,
			);
			name = MusicPlayerUITests;
			productName = MusicPlayerUITests;
			productReference = 112D97EF21C93ABF00D1E859 /* MusicPlayerUITests.xctest */;
			productType = "com.apple.product-type.bundle.ui-testing";
		};
/* End PBXNativeTarget section */

/* Begin PBXProject section */
		112D97C821C93AAC00D1E859 /* Project object */ = {
			isa = PBXProject;
			attributes = {
				LastSwiftUpdateCheck = 1010;
				LastUpgradeCheck = 1010;
				ORGANIZATIONNAME = "한 석희";
				TargetAttributes = {
					112D97CF21C93AAC00D1E859 = {
						CreatedOnToolsVersion = 10.1;
					};
					112D97E321C93ABF00D1E859 = {
						CreatedOnToolsVersion = 10.1;
						TestTargetID = 112D97CF21C93AAC00D1E859;
					};
					112D97EE21C93ABF00D1E859 = {
						CreatedOnToolsVersion = 10.1;
						TestTargetID = 112D97CF21C93AAC00D1E859;
					};
				};
			};
			buildConfigurationList = 112D97CB21C93AAC00D1E859 /* Build configuration list for PBXProject "MusicPlayer" */;
			compatibilityVersion = "Xcode 9.3";
			developmentRegion = en;
			hasScannedForEncodings = 0;
			knownRegions = (
				en,
				Base,
			);
			mainGroup = 112D97C721C93AAC00D1E859;
			productRefGroup = 112D97D121C93AAD00D1E859 /* Products */;
			projectDirPath = "";
			projectRoot = "";
			targets = (
				112D97CF21C93AAC00D1E859 /* MusicPlayer */,
				112D97E321C93ABF00D1E859 /* MusicPlayerTests */,
				112D97EE21C93ABF00D1E859 /* MusicPlayerUITests */,
			);
		};
/* End PBXProject section */

/* Begin PBXResourcesBuildPhase section */
		112D97CE21C93AAC00D1E859 /* Resources */ = {
			isa = PBXResourcesBuildPhase;
			buildActionMask = 2147483647;
			files = (
				112D97DE21C93ABE00D1E859 /* LaunchScreen.storyboard in Resources */,
				112D97DB21C93ABE00D1E859 /* Assets.xcassets in Resources */,
				112D97D921C93AAD00D1E859 /* Main.storyboard in Resources */,
			);
			runOnlyForDeploymentPostprocessing = 0;
		};
		112D97E221C93ABF00D1E859 /* Resources */ = {
			isa = PBXResourcesBuildPhase;
			buildActionMask = 2147483647;
			files = (
			);
			runOnlyForDeploymentPostprocessing = 0;
		};
		112D97ED21C93ABF00D1E859 /* Resources */ = {
			isa = PBXResourcesBuildPhase;
			buildActionMask = 2147483647;
			files = (
			);
			runOnlyForDeploymentPostprocessing = 0;
		};
/* End PBXResourcesBuildPhase section */

/* Begin PBXSourcesBuildPhase section */
		112D97CC21C93AAC00D1E859 /* Sources */ = {
			isa = PBXSourcesBuildPhase;
			buildActionMask = 2147483647;
			files = (
				112D97D621C93AAD00D1E859 /* ViewController.swift in Sources */,
				112D97D421C93AAD00D1E859 /* AppDelegate.swift in Sources */,
			);
			runOnlyForDeploymentPostprocessing = 0;
		};
		112D97E021C93ABF00D1E859 /* Sources */ = {
			isa = PBXSourcesBuildPhase;
			buildActionMask = 2147483647;
			files = (
				112D97E921C93ABF00D1E859 /* MusicPlayerTests.swift in Sources */,
			);
			runOnlyForDeploymentPostprocessing = 0;
		};
		112D97EB21C93ABF00D1E859 /* Sources */ = {
			isa = PBXSourcesBuildPhase;
			buildActionMask = 2147483647;
			files = (
				112D97F421C93ABF00D1E859 /* MusicPlayerUITests.swift in Sources */,
			);
			runOnlyForDeploymentPostprocessing = 0;
		};
/* End PBXSourcesBuildPhase section */

/* Begin PBXTargetDependency section */
		112D97E621C93ABF00D1E859 /* PBXTargetDependency */ = {
			isa = PBXTargetDependency;
			target = 112D97CF21C93AAC00D1E859 /* MusicPlayer */;
			targetProxy = 112D97E521C93ABF00D1E859 /* PBXContainerItemProxy */;
		};
		112D97F121C93ABF00D1E859 /* PBXTargetDependency */ = {
			isa = PBXTargetDependency;
			target = 112D97CF21C93AAC00D1E859 /* MusicPlayer */;
			targetProxy = 112D97F021C93ABF00D1E859 /* PBXContainerItemProxy */;
		};
/* End PBXTargetDependency section */

/* Begin PBXVariantGroup section */
		112D97D721C93AAD00D1E859 /* Main.storyboard */ = {
			isa = PBXVariantGroup;
			children = (
				112D97D821C93AAD00D1E859 /* Base */,
			);
			name = Main.storyboard;
			sourceTree = "<group>";
		};
		112D97DC21C93ABE00D1E859 /* LaunchScreen.storyboard */ = {
			isa = PBXVariantGroup;
			children = (
				112D97DD21C93ABE00D1E859 /* Base */,
			);
			name = LaunchScreen.storyboard;
			sourceTree = "<group>";
		};
/* End PBXVariantGroup section */

/* Begin XCBuildConfiguration section */
		112D97F621C93ABF00D1E859 /* Debug */ = {
			isa = XCBuildConfiguration;
			buildSettings = {
				ALWAYS_SEARCH_USER_PATHS = NO;
				CLANG_ANALYZER_NONNULL = YES;
				CLANG_ANALYZER_NUMBER_OBJECT_CONVERSION = YES_AGGRESSIVE;
				CLANG_CXX_LANGUAGE_STANDARD = "gnu++14";
				CLANG_CXX_LIBRARY = "libc++";
				CLANG_ENABLE_MODULES = YES;
				CLANG_ENABLE_OBJC_ARC = YES;
				CLANG_ENABLE_OBJC_WEAK = YES;
				CLANG_WARN_BLOCK_CAPTURE_AUTORELEASING = YES;
				CLANG_WARN_BOOL_CONVERSION = YES;
				CLANG_WARN_COMMA = YES;
				CLANG_WARN_CONSTANT_CONVERSION = YES;
				CLANG_WARN_DEPRECATED_OBJC_IMPLEMENTATIONS = YES;
				CLANG_WARN_DIRECT_OBJC_ISA_USAGE = YES_ERROR;
				CLANG_WARN_DOCUMENTATION_COMMENTS = YES;
				CLANG_WARN_EMPTY_BODY = YES;
				CLANG_WARN_ENUM_CONVERSION = YES;
				CLANG_WARN_INFINITE_RECURSION = YES;
				CLANG_WARN_INT_CONVERSION = YES;
				CLANG_WARN_NON_LITERAL_NULL_CONVERSION = YES;
				CLANG_WARN_OBJC_IMPLICIT_RETAIN_SELF = YES;
				CLANG_WARN_OBJC_LITERAL_CONVERSION = YES;
				CLANG_WARN_OBJC_ROOT_CLASS = YES_ERROR;
				CLANG_WARN_RANGE_LOOP_ANALYSIS = YES;
				CLANG_WARN_STRICT_PROTOTYPES = YES;
				CLANG_WARN_SUSPICIOUS_MOVE = YES;
				CLANG_WARN_UNGUARDED_AVAILABILITY = YES_AGGRESSIVE;
				CLANG_WARN_UNREACHABLE_CODE = YES;
				CLANG_WARN__DUPLICATE_METHOD_MATCH = YES;
				CODE_SIGN_IDENTITY = "iPhone Developer";
				COPY_PHASE_STRIP = NO;
				DEBUG_INFORMATION_FORMAT = dwarf;
				ENABLE_STRICT_OBJC_MSGSEND = YES;
				ENABLE_TESTABILITY = YES;
				GCC_C_LANGUAGE_STANDARD = gnu11;
				GCC_DYNAMIC_NO_PIC = NO;
				GCC_NO_COMMON_BLOCKS = YES;
				GCC_OPTIMIZATION_LEVEL = 0;
				GCC_PREPROCESSOR_DEFINITIONS = (
					"DEBUG=1",
					"$(inherited)",
				);
				GCC_WARN_64_TO_32_BIT_CONVERSION = YES;
				GCC_WARN_ABOUT_RETURN_TYPE = YES_ERROR;
				GCC_WARN_UNDECLARED_SELECTOR = YES;
				GCC_WARN_UNINITIALIZED_AUTOS = YES_AGGRESSIVE;
				GCC_WARN_UNUSED_FUNCTION = YES;
				GCC_WARN_UNUSED_VARIABLE = YES;
				IPHONEOS_DEPLOYMENT_TARGET = 12.1;
				MTL_ENABLE_DEBUG_INFO = INCLUDE_SOURCE;
				MTL_FAST_MATH = YES;
				ONLY_ACTIVE_ARCH = YES;
				SDKROOT = iphoneos;
				SWIFT_ACTIVE_COMPILATION_CONDITIONS = DEBUG;
				SWIFT_OPTIMIZATION_LEVEL = "-Onone";
			};
			name = Debug;
		};
		112D97F721C93ABF00D1E859 /* Release */ = {
			isa = XCBuildConfiguration;
			buildSettings = {
				ALWAYS_SEARCH_USER_PATHS = NO;
				CLANG_ANALYZER_NONNULL = YES;
				CLANG_ANALYZER_NUMBER_OBJECT_CONVERSION = YES_AGGRESSIVE;
				CLANG_CXX_LANGUAGE_STANDARD = "gnu++14";
				CLANG_CXX_LIBRARY = "libc++";
				CLANG_ENABLE_MODULES = YES;
				CLANG_ENABLE_OBJC_ARC = YES;
				CLANG_ENABLE_OBJC_WEAK = YES;
				CLANG_WARN_BLOCK_CAPTURE_AUTORELEASING = YES;
				CLANG_WARN_BOOL_CONVERSION = YES;
				CLANG_WARN_COMMA = YES;
				CLANG_WARN_CONSTANT_CONVERSION = YES;
				CLANG_WARN_DEPRECATED_OBJC_IMPLEMENTATIONS = YES;
				CLANG_WARN_DIRECT_OBJC_ISA_USAGE = YES_ERROR;
				CLANG_WARN_DOCUMENTATION_COMMENTS = YES;
				CLANG_WARN_EMPTY_BODY = YES;
				CLANG_WARN_ENUM_CONVERSION = YES;
				CLANG_WARN_INFINITE_RECURSION = YES;
				CLANG_WARN_INT_CONVERSION = YES;
				CLANG_WARN_NON_LITERAL_NULL_CONVERSION = YES;
				CLANG_WARN_OBJC_IMPLICIT_RETAIN_SELF = YES;
				CLANG_WARN_OBJC_LITERAL_CONVERSION = YES;
				CLANG_WARN_OBJC_ROOT_CLASS = YES_ERROR;
				CLANG_WARN_RANGE_LOOP_ANALYSIS = YES;
				CLANG_WARN_STRICT_PROTOTYPES = YES;
				CLANG_WARN_SUSPICIOUS_MOVE = YES;
				CLANG_WARN_UNGUARDED_AVAILABILITY = YES_AGGRESSIVE;
				CLANG_WARN_UNREACHABLE_CODE = YES;
				CLANG_WARN__DUPLICATE_METHOD_MATCH = YES;
				CODE_SIGN_IDENTITY = "iPhone Developer";
				COPY_PHASE_STRIP = NO;
				DEBUG_INFORMATION_FORMAT = "dwarf-with-dsym";
				ENABLE_NS_ASSERTIONS = NO;
				ENABLE_STRICT_OBJC_MSGSEND = YES;
				GCC_C_LANGUAGE_STANDARD = gnu11;
				GCC_NO_COMMON_BLOCKS = YES;
				GCC_WARN_64_TO_32_BIT_CONVERSION = YES;
				GCC_WARN_ABOUT_RETURN_TYPE = YES_ERROR;
				GCC_WARN_UNDECLARED_SELECTOR = YES;
				GCC_WARN_UNINITIALIZED_AUTOS = YES_AGGRESSIVE;
				GCC_WARN_UNUSED_FUNCTION = YES;
				GCC_WARN_UNUSED_VARIABLE = YES;
				IPHONEOS_DEPLOYMENT_TARGET = 12.1;
				MTL_ENABLE_DEBUG_INFO = NO;
				MTL_FAST_MATH = YES;
				SDKROOT = iphoneos;
				SWIFT_COMPILATION_MODE = wholemodule;
				SWIFT_OPTIMIZATION_LEVEL = "-O";
				VALIDATE_PRODUCT = YES;
			};
			name = Release;
		};
		112D97F921C93ABF00D1E859 /* Debug */ = {
			isa = XCBuildConfiguration;
			buildSettings = {
				ASSETCATALOG_COMPILER_APPICON_NAME = AppIcon;
				CODE_SIGN_STYLE = Automatic;
				INFOPLIST_FILE = MusicPlayer/Info.plist;
				LD_RUNPATH_SEARCH_PATHS = (
					"$(inherited)",
					"@executable_path/Frameworks",
				);
				PRODUCT_BUNDLE_IDENTIFIER = didorm.MusicPlayer;
				PRODUCT_NAME = "$(TARGET_NAME)";
				SWIFT_VERSION = 4.2;
				TARGETED_DEVICE_FAMILY = "1,2";
			};
			name = Debug;
		};
		112D97FA21C93ABF00D1E859 /* Release */ = {
			isa = XCBuildConfiguration;
			buildSettings = {
				ASSETCATALOG_COMPILER_APPICON_NAME = AppIcon;
				CODE_SIGN_STYLE = Automatic;
				INFOPLIST_FILE = MusicPlayer/Info.plist;
				LD_RUNPATH_SEARCH_PATHS = (
					"$(inherited)",
					"@executable_path/Frameworks",
				);
				PRODUCT_BUNDLE_IDENTIFIER = didorm.MusicPlayer;
				PRODUCT_NAME = "$(TARGET_NAME)";
				SWIFT_VERSION = 4.2;
				TARGETED_DEVICE_FAMILY = "1,2";
			};
			name = Release;
		};
		112D97FC21C93ABF00D1E859 /* Debug */ = {
			isa = XCBuildConfiguration;
			buildSettings = {
				ALWAYS_EMBED_SWIFT_STANDARD_LIBRARIES = YES;
				BUNDLE_LOADER = "$(TEST_HOST)";
				CODE_SIGN_STYLE = Automatic;
				INFOPLIST_FILE = MusicPlayerTests/Info.plist;
				LD_RUNPATH_SEARCH_PATHS = (
					"$(inherited)",
					"@executable_path/Frameworks",
					"@loader_path/Frameworks",
				);
				PRODUCT_BUNDLE_IDENTIFIER = didorm.MusicPlayerTests;
				PRODUCT_NAME = "$(TARGET_NAME)";
				SWIFT_VERSION = 4.2;
				TARGETED_DEVICE_FAMILY = "1,2";
				TEST_HOST = "$(BUILT_PRODUCTS_DIR)/MusicPlayer.app/MusicPlayer";
			};
			name = Debug;
		};
		112D97FD21C93ABF00D1E859 /* Release */ = {
			isa = XCBuildConfiguration;
			buildSettings = {
				ALWAYS_EMBED_SWIFT_STANDARD_LIBRARIES = YES;
				BUNDLE_LOADER = "$(TEST_HOST)";
				CODE_SIGN_STYLE = Automatic;
				INFOPLIST_FILE = MusicPlayerTests/Info.plist;
				LD_RUNPATH_SEARCH_PATHS = (
					"$(inherited)",
					"@executable_path/Frameworks",
					"@loader_path/Frameworks",
				);
				PRODUCT_BUNDLE_IDENTIFIER = didorm.MusicPlayerTests;
				PRODUCT_NAME = "$(TARGET_NAME)";
				SWIFT_VERSION = 4.2;
				TARGETED_DEVICE_FAMILY = "1,2";
				TEST_HOST = "$(BUILT_PRODUCTS_DIR)/MusicPlayer.app/MusicPlayer";
			};
			name = Release;
		};
		112D97FF21C93ABF00D1E859 /* Debug */ = {
			isa = XCBuildConfiguration;
			buildSettings = {
				ALWAYS_EMBED_SWIFT_STANDARD_LIBRARIES = YES;
				CODE_SIGN_STYLE = Automatic;
				INFOPLIST_FILE = MusicPlayerUITests/Info.plist;
				LD_RUNPATH_SEARCH_PATHS = (
					"$(inherited)",
					"@executable_path/Frameworks",
					"@loader_path/Frameworks",
				);
				PRODUCT_BUNDLE_IDENTIFIER = didorm.MusicPlayerUITests;
				PRODUCT_NAME = "$(TARGET_NAME)";
				SWIFT_VERSION = 4.2;
				TARGETED_DEVICE_FAMILY = "1,2";
				TEST_TARGET_NAME = MusicPlayer;
			};
			name = Debug;
		};
		112D980021C93ABF00D1E859 /* Release */ = {
			isa = XCBuildConfiguration;
			buildSettings = {
				ALWAYS_EMBED_SWIFT_STANDARD_LIBRARIES = YES;
				CODE_SIGN_STYLE = Automatic;
				INFOPLIST_FILE = MusicPlayerUITests/Info.plist;
				LD_RUNPATH_SEARCH_PATHS = (
					"$(inherited)",
					"@executable_path/Frameworks",
					"@loader_path/Frameworks",
				);
				PRODUCT_BUNDLE_IDENTIFIER = didorm.MusicPlayerUITests;
				PRODUCT_NAME = "$(TARGET_NAME)";
				SWIFT_VERSION = 4.2;
				TARGETED_DEVICE_FAMILY = "1,2";
				TEST_TARGET_NAME = MusicPlayer;
			};
			name = Release;
		};
/* End XCBuildConfiguration section */

/* Begin XCConfigurationList section */
		112D97CB21C93AAC00D1E859 /* Build configuration list for PBXProject "MusicPlayer" */ = {
			isa = XCConfigurationList;
			buildConfigurations = (
				112D97F621C93ABF00D1E859 /* Debug */,
				112D97F721C93ABF00D1E859 /* Release */,
			);
			defaultConfigurationIsVisible = 0;
			defaultConfigurationName = Release;
		};
		112D97F821C93ABF00D1E859 /* Build configuration list for PBXNativeTarget "MusicPlayer" */ = {
			isa = XCConfigurationList;
			buildConfigurations = (
				112D97F921C93ABF00D1E859 /* Debug */,
				112D97FA21C93ABF00D1E859 /* Release */,
			);
			defaultConfigurationIsVisible = 0;
			defaultConfigurationName = Release;
		};
		112D97FB21C93ABF00D1E859 /* Build configuration list for PBXNativeTarget "MusicPlayerTests" */ = {
			isa = XCConfigurationList;
			buildConfigurations = (
				112D97FC21C93ABF00D1E859 /* Debug */,
				112D97FD21C93ABF00D1E859 /* Release */,
			);
			defaultConfigurationIsVisible = 0;
			defaultConfigurationName = Release;
		};
		112D97FE21C93ABF00D1E859 /* Build configuration list for PBXNativeTarget "MusicPlayerUITests" */ = {
			isa = XCConfigurationList;
			buildConfigurations = (
				112D97FF21C93ABF00D1E859 /* Debug */,
				112D980021C93ABF00D1E859 /* Release */,
			);
			defaultConfigurationIsVisible = 0;
			defaultConfigurationName = Release;
		};
/* End XCConfigurationList section */
	};
	rootObject = 112D97C821C93AAC00D1E859 /* Project object */;
}
